
Microsoft Visual Studio Solution File, Format Version 12.00
# Visual Studio Version 16
VisualStudioVersion = 16.0.30711.63
MinimumVisualStudioVersion = 10.0.40219.1
Project("{8BC9CEB8-8B4A-11D0-8D11-00A0C91BC942}") = "Testowe", "Testowe\Testowe.vcxproj", "{1428EBBB-ECCC-4E34-B25E-A1FEEC21E4AF}"
EndProject
Global
	GlobalSection(SolutionConfigurationPlatforms) = preSolution
		Debug|x64 = Debug|x64
		Debug|x86 = Debug|x86
		Release|x64 = Release|x64
		Release|x86 = Release|x86
	EndGlobalSection
	GlobalSection(ProjectConfigurationPlatforms) = postSolution
		{1428EBBB-ECCC-4E34-B25E-A1FEEC21E4AF}.Debug|x64.ActiveCfg = Debug|x64
		{1428EBBB-ECCC-4E34-B25E-A1FEEC21E4AF}.Debug|x64.Build.0 = Debug|x64
		{1428EBBB-ECCC-4E34-B25E-A1FEEC21E4AF}.Debug|x86.ActiveCfg = Debug|Win32
		{1428EBBB-ECCC-4E34-B25E-A1FEEC21E4AF}.Debug|x86.Build.0 = Debug|Win32
		{1428EBBB-ECCC-4E34-B25E-A1FEEC21E4AF}.Release|x64.ActiveCfg = Release|x64
		{1428EBBB-ECCC-4E34-B25E-A1FEEC21E4AF}.Release|x64.Build.0 = Release|x64
		{1428EBBB-ECCC-4E34-B25E-A1FEEC21E4AF}.Release|x86.ActiveCfg = Release|Win32
		{1428EBBB-ECCC-4E34-B25E-A1FEEC21E4AF}.Release|x86.Build.0 = Release|Win32
	EndGlobalSection
	GlobalSection(SolutionProperties) = preSolution
		HideSolutionNode = FALSE
	EndGlobalSection
	GlobalSection(ExtensibilityGlobals) = postSolution
		SolutionGuid = {7A58796B-E03B-4F3D-930E-3D90EC441607}
	EndGlobalSection
EndGlobal
