<?xml version="1.0" encoding="utf-8"?>
<Project ToolsVersion="4.0" xmlns="http://schemas.microsoft.com/developer/msbuild/2003">
  <ItemGroup>
    <Filter Include="Source Files">
      <UniqueIdentifier>{4FC737F1-C7A5-4376-A066-2A32D752A2FF}</UniqueIdentifier>
      <Extensions>cpp;c;cc;cxx;c++;cppm;ixx;def;odl;idl;hpj;bat;asm;asmx</Extensions>
    </Filter>
    <Filter Include="Header Files">
      <UniqueIdentifier>{93995380-89BD-4b04-88EB-625FBE52EBFB}</UniqueIdentifier>
      <Extensions>h;hh;hpp;hxx;h++;hm;inl;inc;ipp;xsd</Extensions>
    </Filter>
    <Filter Include="Resource Files">
      <UniqueIdentifier>{67DA6AB6-F800-4c08-8B7A-83BB121AAD01}</UniqueIdentifier>
      <Extensions>rc;ico;cur;bmp;dlg;rc2;rct;bin;rgs;gif;jpg;jpeg;jpe;resx;tiff;tif;png;wav;mfcribbon-ms</Extensions>
    </Filter>
  </ItemGroup>
  <ItemGroup>
    <ClCompile Include="QMsgClass1.cpp">
      <Filter>Source Files</Filter>
    </ClCompile>
    <ClCompile Include="QMsg.cpp">
      <Filter>Source Files</Filter>
    </ClCompile>
    <ClCompile Include="QMsgClass2.cpp">
      <Filter>Source Files</Filter>
    </ClCompile>
    <ClCompile Include="QMsgBuilder.cpp">
      <Filter>Source Files</Filter>
    </ClCompile>
    <ClCompile Include="QNothingToDo1.cpp">
      <Filter>Source Files</Filter>
    </ClCompile>
    <ClCompile Include="IMsgObserver .cpp">
      <Filter>Source Files</Filter>
    </ClCompile>
    <ClCompile Include="Event.cpp">
      <Filter>Source Files</Filter>
    </ClCompile>
    <ClCompile Include="QNothingToDo2.cpp">
      <Filter>Source Files</Filter>
    </ClCompile>
    <ClCompile Include="Main.cpp">
      <Filter>Source Files</Filter>
    </ClCompile>
  </ItemGroup>
  <ItemGroup>
    <ClInclude Include="QMsgClass1.h">
      <Filter>Header Files</Filter>
    </ClInclude>
    <ClInclude Include="QMsg.h">
      <Filter>Header Files</Filter>
    </ClInclude>
    <ClInclude Include="QMsgClass2.h">
      <Filter>Header Files</Filter>
    </ClInclude>
    <ClInclude Include="QMsgBuilder.h">
      <Filter>Header Files</Filter>
    </ClInclude>
    <ClInclude Include="QNothingToDo1.h">
      <Filter>Header Files</Filter>
    </ClInclude>
    <ClInclude Include="IMsgObserver .h">
      <Filter>Header Files</Filter>
    </ClInclude>
    <ClInclude Include="Event.h">
      <Filter>Header Files</Filter>
    </ClInclude>
    <ClInclude Include="QNothingToDo2.h">
      <Filter>Header Files</Filter>
    </ClInclude>
  </ItemGroup>
</Project>